# THIS IS AN AUTOGENERATED FILE. DO NOT EDIT THIS FILE DIRECTLY.
# yarn lockfile v1


"@kurkle/color@^0.3.0":
  version "0.3.2"
  resolved "https://registry.yarnpkg.com/@kurkle/color/-/color-0.3.2.tgz#5acd38242e8bde4f9986e7913c8fdf49d3aa199f"
  integrity sha512-fuscdXJ9G1qb7W8VdHi+IwRqij3lBkosAm4ydQtEmbY58OzHXqQhvlxqEkoz0yssNVn38bcpRWgA9PP+OGoisw==

"@types/chart.js@^2.9.41":
  version "2.9.41"
  resolved "https://registry.yarnpkg.com/@types/chart.js/-/chart.js-2.9.41.tgz#4148cdc87d4f98fad44b2883271cd0fa57f05e0d"
  integrity sha512-3dvkDvueckY83UyUXtJMalYoH6faOLkWQoaTlJgB4Djde3oORmNP0Jw85HtzTuXyliUHcdp704s0mZFQKio/KQ==
  dependencies:
    moment "^2.10.2"

"@types/react-chartjs-2@^2.5.7":
  version "2.5.7"
  resolved "https://registry.yarnpkg.com/@types/react-chartjs-2/-/react-chartjs-2-2.5.7.tgz#b77406f6eb6a9f38438966fb27d8cfb1bb7425d3"
  integrity sha512-waqYqiNULIVUqaKO7MGUpFmWrVtH7gVPOzqwV4y4zgUyu/JiDwC005PpveO442HKnby9kLgp3t1SB2sld+ACLw==
  dependencies:
    react-chartjs-2 "*"

chart.js@^4.4.1:
  version "4.4.1"
  resolved "https://registry.yarnpkg.com/chart.js/-/chart.js-4.4.1.tgz#ac5dc0e69a7758909158a96fe80ce43b3bb96a9f"
  integrity sha512-C74QN1bxwV1v2PEujhmKjOZ7iUM4w6BWs23Md/6aOZZSlwMzeCIDGuZay++rBgChYru7/+QFeoQW0fQoP534Dg==
  dependencies:
    "@kurkle/color" "^0.3.0"

moment@^2.10.2:
  version "2.30.1"
  resolved "https://registry.yarnpkg.com/moment/-/moment-2.30.1.tgz#f8c91c07b7a786e30c59926df530b4eac96974ae"
  integrity sha512-uEmtNhbDOrWPFS+hdjFCBfy9f2YoyzRpwcl+DqpC6taX21FzsTLQVbMV/W7PzNSX6x/bhC1zA3c2UQ5NzH6how==

react-chartjs-2@*, react-chartjs-2@^5.2.0:
  version "5.2.0"
  resolved "https://registry.yarnpkg.com/react-chartjs-2/-/react-chartjs-2-5.2.0.tgz#43c1e3549071c00a1a083ecbd26c1ad34d385f5d"
  integrity sha512-98iN5aguJyVSxp5U3CblRLH67J8gkfyGNbiK3c+l1QI/G4irHMPQw44aEPmjVag+YKTyQ260NcF82GTQ3bdscA==
